lockfileVersion: 5.3

specifiers:
  '@rollup/plugin-node-resolve': ^13.3.0
  rollup: ^2.76.0
  rollup-plugin-serve: ^2.0.0
  rollup-plugin-typescript2: ^0.32.1
  typescript: ^4.7.4

dependencies:
  '@rollup/plugin-node-resolve': registry.npmmirror.com/@rollup/plugin-node-resolve/13.3.0_rollup@2.76.0
  rollup: registry.npmmirror.com/rollup/2.76.0
  rollup-plugin-serve: registry.npmmirror.com/rollup-plugin-serve/2.0.0
  rollup-plugin-typescript2: registry.npmmirror.com/rollup-plugin-typescript2/0.32.1_rollup@2.76.0+typescript@4.7.4
  typescript: registry.npmmirror.com/typescript/4.7.4

packages:

  registry.npmmirror.com/@rollup/plugin-node-resolve/13.3.0_rollup@2.76.0:
    resolution: {integrity: sha512-Lus8rbUo1eEcnS4yTFKLZrVumLPY+YayBdWXgFSHYhTT2iJbMhoaaBL3xl5NCdeRytErGr8tZ0L71BMRmnlwSw==, registry: http://registry.npm.taobao.org/, tarball: https://registry.npmmirror.com/@rollup/plugin-node-resolve/-/plugin-node-resolve-13.3.0.tgz}
    id: registry.npmmirror.com/@rollup/plugin-node-resolve/13.3.0
    name: '@rollup/plugin-node-resolve'
    version: 13.3.0
    engines: {node: '>= 10.0.0'}
    peerDependencies:
      rollup: ^2.42.0
    dependencies:
      '@rollup/pluginutils': registry.npmmirror.com/@rollup/pluginutils/3.1.0_rollup@2.76.0
      '@types/resolve': registry.npmmirror.com/@types/resolve/1.17.1
      deepmerge: registry.npmmirror.com/deepmerge/4.2.2
      is-builtin-module: registry.npmmirror.com/is-builtin-module/3.1.0
      is-module: registry.npmmirror.com/is-module/1.0.0
      resolve: registry.npmmirror.com/resolve/1.22.1
      rollup: registry.npmmirror.com/rollup/2.76.0
    dev: false

  registry.npmmirror.com/@rollup/pluginutils/3.1.0_rollup@2.76.0:
    resolution: {integrity: sha512-GksZ6pr6TpIjHm8h9lSQ8pi8BE9VeubNT0OMJ3B5uZJ8pz73NPiqOtCog/x2/QzM1ENChPKxMDhiQuRHsqc+lg==, registry: http://registry.npm.taobao.org/, tarball: https://registry.npmmirror.com/@rollup/pluginutils/-/pluginutils-3.1.0.tgz}
    id: registry.npmmirror.com/@rollup/pluginutils/3.1.0
    name: '@rollup/pluginutils'
    version: 3.1.0
    engines: {node: '>= 8.0.0'}
    peerDependencies:
      rollup: ^1.20.0||^2.0.0
    dependencies:
      '@types/estree': registry.npmmirror.com/@types/estree/0.0.39
      estree-walker: registry.npmmirror.com/estree-walker/1.0.1
      picomatch: registry.npmmirror.com/picomatch/2.3.1
      rollup: registry.npmmirror.com/rollup/2.76.0
    dev: false

  registry.npmmirror.com/@rollup/pluginutils/4.2.1:
    resolution: {integrity: sha512-iKnFXr7NkdZAIHiIWE+BX5ULi/ucVFYWD6TbAV+rZctiRTY2PL6tsIKhoIOaoskiWAkgu+VsbXgUVDNLHf+InQ==, registry: http://registry.npm.taobao.org/, tarball: https://registry.npmmirror.com/@rollup/pluginutils/-/pluginutils-4.2.1.tgz}
    name: '@rollup/pluginutils'
    version: 4.2.1
    engines: {node: '>= 8.0.0'}
    dependencies:
      estree-walker: registry.npmmirror.com/estree-walker/2.0.2
      picomatch: registry.npmmirror.com/picomatch/2.3.1
    dev: false

  registry.npmmirror.com/@types/estree/0.0.39:
    resolution: {integrity: sha512-EYNwp3bU+98cpU4lAWYYL7Zz+2gryWH1qbdDTidVd6hkiR6weksdbMadyXKXNPEkQFhXM+hVO9ZygomHXp+AIw==, registry: http://registry.npm.taobao.org/, tarball: https://registry.npmmirror.com/@types/estree/-/estree-0.0.39.tgz}
    name: '@types/estree'
    version: 0.0.39
    dev: false

  registry.npmmirror.com/@types/node/18.0.4:
    resolution: {integrity: sha512-M0+G6V0Y4YV8cqzHssZpaNCqvYwlCiulmm0PwpNLF55r/+cT8Ol42CHRU1SEaYFH2rTwiiE1aYg/2g2rrtGdPA==, registry: http://registry.npm.taobao.org/, tarball: https://registry.npmmirror.com/@types/node/-/node-18.0.4.tgz}
    name: '@types/node'
    version: 18.0.4
    dev: false

  registry.npmmirror.com/@types/resolve/1.17.1:
    resolution: {integrity: sha512-yy7HuzQhj0dhGpD8RLXSZWEkLsV9ibvxvi6EiJ3bkqLAO1RGo0WbkWQiwpRlSFymTJRz0d3k5LM3kkx8ArDbLw==, registry: http://registry.npm.taobao.org/, tarball: https://registry.npmmirror.com/@types/resolve/-/resolve-1.17.1.tgz}
    name: '@types/resolve'
    version: 1.17.1
    dependencies:
      '@types/node': registry.npmmirror.com/@types/node/18.0.4
    dev: false

  registry.npmmirror.com/builtin-modules/3.3.0:
    resolution: {integrity: sha512-zhaCDicdLuWN5UbN5IMnFqNMhNfo919sH85y2/ea+5Yg9TsTkeZxpL+JLbp6cgYFS4sRLp3YV4S6yDuqVWHYOw==, registry: http://registry.npm.taobao.org/, tarball: https://registry.npmmirror.com/builtin-modules/-/builtin-modules-3.3.0.tgz}
    name: builtin-modules
    version: 3.3.0
    engines: {node: '>=6'}
    dev: false

  registry.npmmirror.com/commondir/1.0.1:
    resolution: {integrity: sha512-W9pAhw0ja1Edb5GVdIF1mjZw/ASI0AlShXM83UUGe2DVr5TdAPEA1OA8m/g8zWp9x6On7gqufY+FatDbC3MDQg==, registry: http://registry.npm.taobao.org/, tarball: https://registry.npmmirror.com/commondir/-/commondir-1.0.1.tgz}
    name: commondir
    version: 1.0.1
    dev: false

  registry.npmmirror.com/deepmerge/4.2.2:
    resolution: {integrity: sha512-FJ3UgI4gIl+PHZm53knsuSFpE+nESMr7M4v9QcgB7S63Kj/6WqMiFQJpBBYz1Pt+66bZpP3Q7Lye0Oo9MPKEdg==, registry: http://registry.npm.taobao.org/, tarball: https://registry.npmmirror.com/deepmerge/-/deepmerge-4.2.2.tgz}
    name: deepmerge
    version: 4.2.2
    engines: {node: '>=0.10.0'}
    dev: false

  registry.npmmirror.com/estree-walker/1.0.1:
    resolution: {integrity: sha512-1fMXF3YP4pZZVozF8j/ZLfvnR8NSIljt56UhbZ5PeeDmmGHpgpdwQt7ITlGvYaQukCvuBRMLEiKiYC+oeIg4cg==, registry: http://registry.npm.taobao.org/, tarball: https://registry.npmmirror.com/estree-walker/-/estree-walker-1.0.1.tgz}
    name: estree-walker
    version: 1.0.1
    dev: false

  registry.npmmirror.com/estree-walker/2.0.2:
    resolution: {integrity: sha512-Rfkk/Mp/DL7JVje3u18FxFujQlTNR2q6QfMSMB7AvCBx91NGj/ba3kCfza0f6dVDbw7YlRf/nDrn7pQrCCyQ/w==, registry: http://registry.npm.taobao.org/, tarball: https://registry.npmmirror.com/estree-walker/-/estree-walker-2.0.2.tgz}
    name: estree-walker
    version: 2.0.2
    dev: false

  registry.npmmirror.com/find-cache-dir/3.3.2:
    resolution: {integrity: sha512-wXZV5emFEjrridIgED11OoUKLxiYjAcqot/NJdAkOhlJ+vGzwhOAfcG5OX1jP+S0PcjEn8bdMJv+g2jwQ3Onig==, registry: http://registry.npm.taobao.org/, tarball: https://registry.npmmirror.com/find-cache-dir/-/find-cache-dir-3.3.2.tgz}
    name: find-cache-dir
    version: 3.3.2
    engines: {node: '>=8'}
    dependencies:
      commondir: registry.npmmirror.com/commondir/1.0.1
      make-dir: registry.npmmirror.com/make-dir/3.1.0
      pkg-dir: registry.npmmirror.com/pkg-dir/4.2.0
    dev: false

  registry.npmmirror.com/find-up/4.1.0:
    resolution: {integrity: sha512-PpOwAdQ/YlXQ2vj8a3h8IipDuYRi3wceVQQGYWxNINccq40Anw7BlsEXCMbt1Zt+OLA6Fq9suIpIWD0OsnISlw==, registry: http://registry.npm.taobao.org/, tarball: https://registry.npmmirror.com/find-up/-/find-up-4.1.0.tgz}
    name: find-up
    version: 4.1.0
    engines: {node: '>=8'}
    dependencies:
      locate-path: registry.npmmirror.com/locate-path/5.0.0
      path-exists: registry.npmmirror.com/path-exists/4.0.0
    dev: false

  registry.npmmirror.com/fs-extra/10.1.0:
    resolution: {integrity: sha512-oRXApq54ETRj4eMiFzGnHWGy+zo5raudjuxN0b8H7s/RU2oW0Wvsx9O0ACRN/kRq9E8Vu/ReskGB5o3ji+FzHQ==, registry: http://registry.npm.taobao.org/, tarball: https://registry.npmmirror.com/fs-extra/-/fs-extra-10.1.0.tgz}
    name: fs-extra
    version: 10.1.0
    engines: {node: '>=12'}
    dependencies:
      graceful-fs: registry.npmmirror.com/graceful-fs/4.2.10
      jsonfile: registry.npmmirror.com/jsonfile/6.1.0
      universalify: registry.npmmirror.com/universalify/2.0.0
    dev: false

  registry.npmmirror.com/fsevents/2.3.2:
    resolution: {integrity: sha512-xiqMQR4xAeHTuB9uWm+fFRcIOgKBMiOBP+eXiyT7jsgVCq1bkVygt00oASowB7EdtpOHaaPgKt812P9ab+DDKA==, registry: http://registry.npm.taobao.org/, tarball: https://registry.npmmirror.com/fsevents/-/fsevents-2.3.2.tgz}
    name: fsevents
    version: 2.3.2
    engines: {node: ^8.16.0 || ^10.6.0 || >=11.0.0}
    os: [darwin]
    requiresBuild: true
    dev: false
    optional: true

  registry.npmmirror.com/function-bind/1.1.1:
    resolution: {integrity: sha512-yIovAzMX49sF8Yl58fSCWJ5svSLuaibPxXQJFLmBObTuCr0Mf1KiPopGM9NiFjiYBCbfaa2Fh6breQ6ANVTI0A==, registry: http://registry.npm.taobao.org/, tarball: https://registry.npmmirror.com/function-bind/-/function-bind-1.1.1.tgz}
    name: function-bind
    version: 1.1.1
    dev: false

  registry.npmmirror.com/graceful-fs/4.2.10:
    resolution: {integrity: sha512-9ByhssR2fPVsNZj478qUUbKfmL0+t5BDVyjShtyZZLiK7ZDAArFFfopyOTj0M05wE2tJPisA4iTnnXl2YoPvOA==, registry: http://registry.npm.taobao.org/, tarball: https://registry.npmmirror.com/graceful-fs/-/graceful-fs-4.2.10.tgz}
    name: graceful-fs
    version: 4.2.10
    dev: false

  registry.npmmirror.com/has/1.0.3:
    resolution: {integrity: sha512-f2dvO0VU6Oej7RkWJGrehjbzMAjFp5/VKPp5tTpWIV4JHHZK1/BxbFRtf/siA2SWTe09caDmVtYYzWEIbBS4zw==, registry: http://registry.npm.taobao.org/, tarball: https://registry.npmmirror.com/has/-/has-1.0.3.tgz}
    name: has
    version: 1.0.3
    engines: {node: '>= 0.4.0'}
    dependencies:
      function-bind: registry.npmmirror.com/function-bind/1.1.1
    dev: false

  registry.npmmirror.com/is-builtin-module/3.1.0:
    resolution: {integrity: sha512-OV7JjAgOTfAFJmHZLvpSTb4qi0nIILDV1gWPYDnDJUTNFM5aGlRAhk4QcT8i7TuAleeEV5Fdkqn3t4mS+Q11fg==, registry: http://registry.npm.taobao.org/, tarball: https://registry.npmmirror.com/is-builtin-module/-/is-builtin-module-3.1.0.tgz}
    name: is-builtin-module
    version: 3.1.0
    engines: {node: '>=6'}
    dependencies:
      builtin-modules: registry.npmmirror.com/builtin-modules/3.3.0
    dev: false

  registry.npmmirror.com/is-core-module/2.9.0:
    resolution: {integrity: sha512-+5FPy5PnwmO3lvfMb0AsoPaBG+5KHUI0wYFXOtYPnVVVspTFUuMZNfNaNVRt3FZadstu2c8x23vykRW/NBoU6A==, registry: http://registry.npm.taobao.org/, tarball: https://registry.npmmirror.com/is-core-module/-/is-core-module-2.9.0.tgz}
    name: is-core-module
    version: 2.9.0
    dependencies:
      has: registry.npmmirror.com/has/1.0.3
    dev: false

  registry.npmmirror.com/is-module/1.0.0:
    resolution: {integrity: sha512-51ypPSPCoTEIN9dy5Oy+h4pShgJmPCygKfyRCISBI+JoWT/2oJvK8QPxmwv7b/p239jXrm9M1mlQbyKJ5A152g==, registry: http://registry.npm.taobao.org/, tarball: https://registry.npmmirror.com/is-module/-/is-module-1.0.0.tgz}
    name: is-module
    version: 1.0.0
    dev: false

  registry.npmmirror.com/jsonfile/6.1.0:
    resolution: {integrity: sha512-5dgndWOriYSm5cnYaJNhalLNDKOqFwyDB/rr1E9ZsGciGvKPs8R2xYGCacuf3z6K1YKDz182fd+fY3cn3pMqXQ==, registry: http://registry.npm.taobao.org/, tarball: https://registry.npmmirror.com/jsonfile/-/jsonfile-6.1.0.tgz}
    name: jsonfile
    version: 6.1.0
    dependencies:
      universalify: registry.npmmirror.com/universalify/2.0.0
    optionalDependencies:
      graceful-fs: registry.npmmirror.com/graceful-fs/4.2.10
    dev: false

  registry.npmmirror.com/locate-path/5.0.0:
    resolution: {integrity: sha512-t7hw9pI+WvuwNJXwk5zVHpyhIqzg2qTlklJOf0mVxGSbe3Fp2VieZcduNYjaLDoy6p9uGpQEGWG87WpMKlNq8g==, registry: http://registry.npm.taobao.org/, tarball: https://registry.npmmirror.com/locate-path/-/locate-path-5.0.0.tgz}
    name: locate-path
    version: 5.0.0
    engines: {node: '>=8'}
    dependencies:
      p-locate: registry.npmmirror.com/p-locate/4.1.0
    dev: false

  registry.npmmirror.com/make-dir/3.1.0:
    resolution: {integrity: sha512-g3FeP20LNwhALb/6Cz6Dd4F2ngze0jz7tbzrD2wAV+o9FeNHe4rL+yK2md0J/fiSf1sa1ADhXqi5+oVwOM/eGw==, registry: http://registry.npm.taobao.org/, tarball: https://registry.npmmirror.com/make-dir/-/make-dir-3.1.0.tgz}
    name: make-dir
    version: 3.1.0
    engines: {node: '>=8'}
    dependencies:
      semver: registry.npmmirror.com/semver/6.3.0
    dev: false

  registry.npmmirror.com/mime/3.0.0:
    resolution: {integrity: sha512-jSCU7/VB1loIWBZe14aEYHU/+1UMEHoaO7qxCOVJOw9GgH72VAWppxNcjU+x9a2k3GSIBXNKxXQFqRvvZ7vr3A==, registry: http://registry.npm.taobao.org/, tarball: https://registry.npmmirror.com/mime/-/mime-3.0.0.tgz}
    name: mime
    version: 3.0.0
    engines: {node: '>=10.0.0'}
    hasBin: true
    dev: false

  registry.npmmirror.com/opener/1.5.2:
    resolution: {integrity: sha512-ur5UIdyw5Y7yEj9wLzhqXiy6GZ3Mwx0yGI+5sMn2r0N0v3cKJvUmFH5yPP+WXh9e0xfyzyJX95D8l088DNFj7A==, registry: http://registry.npm.taobao.org/, tarball: https://registry.npmmirror.com/opener/-/opener-1.5.2.tgz}
    name: opener
    version: 1.5.2
    hasBin: true
    dev: false

  registry.npmmirror.com/p-limit/2.3.0:
    resolution: {integrity: sha512-//88mFWSJx8lxCzwdAABTJL2MyWB12+eIY7MDL2SqLmAkeKU9qxRvWuSyTjm3FUmpBEMuFfckAIqEaVGUDxb6w==, registry: http://registry.npm.taobao.org/, tarball: https://registry.npmmirror.com/p-limit/-/p-limit-2.3.0.tgz}
    name: p-limit
    version: 2.3.0
    engines: {node: '>=6'}
    dependencies:
      p-try: registry.npmmirror.com/p-try/2.2.0
    dev: false

  registry.npmmirror.com/p-locate/4.1.0:
    resolution: {integrity: sha512-R79ZZ/0wAxKGu3oYMlz8jy/kbhsNrS7SKZ7PxEHBgJ5+F2mtFW2fK2cOtBh1cHYkQsbzFV7I+EoRKe6Yt0oK7A==, registry: http://registry.npm.taobao.org/, tarball: https://registry.npmmirror.com/p-locate/-/p-locate-4.1.0.tgz}
    name: p-locate
    version: 4.1.0
    engines: {node: '>=8'}
    dependencies:
      p-limit: registry.npmmirror.com/p-limit/2.3.0
    dev: false

  registry.npmmirror.com/p-try/2.2.0:
    resolution: {integrity: sha512-R4nPAVTAU0B9D35/Gk3uJf/7XYbQcyohSKdvAxIRSNghFl4e71hVoGnBNQz9cWaXxO2I10KTC+3jMdvvoKw6dQ==, registry: http://registry.npm.taobao.org/, tarball: https://registry.npmmirror.com/p-try/-/p-try-2.2.0.tgz}
    name: p-try
    version: 2.2.0
    engines: {node: '>=6'}
    dev: false

  registry.npmmirror.com/path-exists/4.0.0:
    resolution: {integrity: sha512-ak9Qy5Q7jYb2Wwcey5Fpvg2KoAc/ZIhLSLOSBmRmygPsGwkVVt0fZa0qrtMz+m6tJTAHfZQ8FnmB4MG4LWy7/w==, registry: http://registry.npm.taobao.org/, tarball: https://registry.npmmirror.com/path-exists/-/path-exists-4.0.0.tgz}
    name: path-exists
    version: 4.0.0
    engines: {node: '>=8'}
    dev: false

  registry.npmmirror.com/path-parse/1.0.7:
    resolution: {integrity: sha512-LDJzPVEEEPR+y48z93A0Ed0yXb8pAByGWo/k5YYdYgpY2/2EsOsksJrq7lOHxryrVOn1ejG6oAp8ahvOIQD8sw==, registry: http://registry.npm.taobao.org/, tarball: https://registry.npmmirror.com/path-parse/-/path-parse-1.0.7.tgz}
    name: path-parse
    version: 1.0.7
    dev: false

  registry.npmmirror.com/picomatch/2.3.1:
    resolution: {integrity: sha512-JU3teHTNjmE2VCGFzuY8EXzCDVwEqB2a8fsIvwaStHhAWJEeVd1o1QD80CU6+ZdEXXSLbSsuLwJjkCBWqRQUVA==, registry: http://registry.npm.taobao.org/, tarball: https://registry.npmmirror.com/picomatch/-/picomatch-2.3.1.tgz}
    name: picomatch
    version: 2.3.1
    engines: {node: '>=8.6'}
    dev: false

  registry.npmmirror.com/pkg-dir/4.2.0:
    resolution: {integrity: sha512-HRDzbaKjC+AOWVXxAU/x54COGeIv9eb+6CkDSQoNTt4XyWoIJvuPsXizxu/Fr23EiekbtZwmh1IcIG/l/a10GQ==, registry: http://registry.npm.taobao.org/, tarball: https://registry.npmmirror.com/pkg-dir/-/pkg-dir-4.2.0.tgz}
    name: pkg-dir
    version: 4.2.0
    engines: {node: '>=8'}
    dependencies:
      find-up: registry.npmmirror.com/find-up/4.1.0
    dev: false

  registry.npmmirror.com/resolve/1.22.1:
    resolution: {integrity: sha512-nBpuuYuY5jFsli/JIs1oldw6fOQCBioohqWZg/2hiaOybXOft4lonv85uDOKXdf8rhyK159cxU5cDcK/NKk8zw==, registry: http://registry.npm.taobao.org/, tarball: https://registry.npmmirror.com/resolve/-/resolve-1.22.1.tgz}
    name: resolve
    version: 1.22.1
    hasBin: true
    dependencies:
      is-core-module: registry.npmmirror.com/is-core-module/2.9.0
      path-parse: registry.npmmirror.com/path-parse/1.0.7
      supports-preserve-symlinks-flag: registry.npmmirror.com/supports-preserve-symlinks-flag/1.0.0
    dev: false

  registry.npmmirror.com/rollup-plugin-serve/2.0.0:
    resolution: {integrity: sha512-adII2hdsHyNftFhg4bx55B6ogZWmySEGtdqcqxwZQi3BryAnfzQ+xRb1/BLe3DR1lX9QxnpwtHbBCSULyXbMwA==, registry: http://registry.npm.taobao.org/, tarball: https://registry.npmmirror.com/rollup-plugin-serve/-/rollup-plugin-serve-2.0.0.tgz}
    name: rollup-plugin-serve
    version: 2.0.0
    dependencies:
      mime: registry.npmmirror.com/mime/3.0.0
      opener: registry.npmmirror.com/opener/1.5.2
    dev: false

  registry.npmmirror.com/rollup-plugin-typescript2/0.32.1_rollup@2.76.0+typescript@4.7.4:
    resolution: {integrity: sha512-RanO8bp1WbeMv0bVlgcbsFNCn+Y3rX7wF97SQLDxf0fMLsg0B/QFF005t4AsGUcDgF3aKJHoqt4JF2xVaABeKw==, registry: http://registry.npm.taobao.org/, tarball: https://registry.npmmirror.com/rollup-plugin-typescript2/-/rollup-plugin-typescript2-0.32.1.tgz}
    id: registry.npmmirror.com/rollup-plugin-typescript2/0.32.1
    name: rollup-plugin-typescript2
    version: 0.32.1
    peerDependencies:
      rollup: '>=1.26.3'
      typescript: '>=2.4.0'
    dependencies:
      '@rollup/pluginutils': registry.npmmirror.com/@rollup/pluginutils/4.2.1
      find-cache-dir: registry.npmmirror.com/find-cache-dir/3.3.2
      fs-extra: registry.npmmirror.com/fs-extra/10.1.0
      resolve: registry.npmmirror.com/resolve/1.22.1
      rollup: registry.npmmirror.com/rollup/2.76.0
      tslib: registry.npmmirror.com/tslib/2.4.0
      typescript: registry.npmmirror.com/typescript/4.7.4
    dev: false

  registry.npmmirror.com/rollup/2.76.0:
    resolution: {integrity: sha512-9jwRIEY1jOzKLj3nsY/yot41r19ITdQrhs+q3ggNWhr9TQgduHqANvPpS32RNpzGklJu3G1AJfvlZLi/6wFgWA==, registry: http://registry.npm.taobao.org/, tarball: https://registry.npmmirror.com/rollup/-/rollup-2.76.0.tgz}
    name: rollup
    version: 2.76.0
    engines: {node: '>=10.0.0'}
    hasBin: true
    optionalDependencies:
      fsevents: registry.npmmirror.com/fsevents/2.3.2
    dev: false

  registry.npmmirror.com/semver/6.3.0:
    resolution: {integrity: sha512-b39TBaTSfV6yBrapU89p5fKekE2m/NwnDocOVruQFS1/veMgdzuPcnOM34M6CwxW8jH/lxEa5rBoDeUwu5HHTw==, registry: http://registry.npm.taobao.org/, tarball: https://registry.npmmirror.com/semver/-/semver-6.3.0.tgz}
    name: semver
    version: 6.3.0
    hasBin: true
    dev: false

  registry.npmmirror.com/supports-preserve-symlinks-flag/1.0.0:
    resolution: {integrity: sha512-ot0WnXS9fgdkgIcePe6RHNk1WA8+muPa6cSjeR3V8K27q9BB1rTE3R1p7Hv0z1ZyAc8s6Vvv8DIyWf681MAt0w==, registry: http://registry.npm.taobao.org/, tarball: https://registry.npmmirror.com/supports-preserve-symlinks-flag/-/supports-preserve-symlinks-flag-1.0.0.tgz}
    name: supports-preserve-symlinks-flag
    version: 1.0.0
    engines: {node: '>= 0.4'}
    dev: false

  registry.npmmirror.com/tslib/2.4.0:
    resolution: {integrity: sha512-d6xOpEDfsi2CZVlPQzGeux8XMwLT9hssAsaPYExaQMuYskwb+x1x7J371tWlbBdWHroy99KnVB6qIkUbs5X3UQ==, registry: http://registry.npm.taobao.org/, tarball: https://registry.npmmirror.com/tslib/-/tslib-2.4.0.tgz}
    name: tslib
    version: 2.4.0
    dev: false

  registry.npmmirror.com/typescript/4.7.4:
    resolution: {integrity: sha512-C0WQT0gezHuw6AdY1M2jxUO83Rjf0HP7Sk1DtXj6j1EwkQNZrHAg2XPWlq62oqEhYvONq5pkC2Y9oPljWToLmQ==, registry: http://registry.npm.taobao.org/, tarball: https://registry.npmmirror.com/typescript/-/typescript-4.7.4.tgz}
    name: typescript
    version: 4.7.4
    engines: {node: '>=4.2.0'}
    hasBin: true
    dev: false

  registry.npmmirror.com/universalify/2.0.0:
    resolution: {integrity: sha512-hAZsKq7Yy11Zu1DE0OzWjw7nnLZmJZYTDZZyEFHZdUhV8FkH5MCfoU1XMaxXovpyW5nq5scPqq0ZDP9Zyl04oQ==, registry: http://registry.npm.taobao.org/, tarball: https://registry.npmmirror.com/universalify/-/universalify-2.0.0.tgz}
    name: universalify
    version: 2.0.0
    engines: {node: '>= 10.0.0'}
    dev: false
